// !$*UTF8*$!
{
	archiveVersion = 1;
	classes = {
	};
	objectVersion = 48;
	objects = {

/* Begin PBXBuildFile section */
		BD0086EB2061F453000308B3 /* AppDelegate.swift in Sources */ = {isa = PBXBuildFile; fileRef = BD0086EA2061F453000308B3 /* AppDelegate.swift */; };
		BD0086ED2061F453000308B3 /* ViewController.swift in Sources */ = {isa = PBXBuildFile; fileRef = BD0086EC2061F453000308B3 /* ViewController.swift */; };
		BD0086F02061F453000308B3 /* Main.storyboard in Resources */ = {isa = PBXBuildFile; fileRef = BD0086EE2061F453000308B3 /* Main.storyboard */; };
		BD0086F22061F453000308B3 /* Assets.xcassets in Resources */ = {isa = PBXBuildFile; fileRef = BD0086F12061F453000308B3 /* Assets.xcassets */; };
		BD0086F52061F453000308B3 /* LaunchScreen.storyboard in Resources */ = {isa = PBXBuildFile; fileRef = BD0086F32061F453000308B3 /* LaunchScreen.storyboard */; };
		BD0087002061F453000308B3 /* _0daysOfSwift03Tests.swift in Sources */ = {isa = PBXBuildFile; fileRef = BD0086FF2061F453000308B3 /* _0daysOfSwift03Tests.swift */; };
		BD00870C2061F4F3000308B3 /* emoji zone.mp4 in Resources */ = {isa = PBXBuildFile; fileRef = BD00870B2061F4F3000308B3 /* emoji zone.mp4 */; };
		BD00870E2061F6D2000308B3 /* VideoCell.swift in Sources */ = {isa = PBXBuildFile; fileRef = BD00870D2061F6D2000308B3 /* VideoCell.swift */; };
/* End PBXBuildFile section */

/* Begin PBXContainerItemProxy section */
		BD0086FC2061F453000308B3 /* PBXContainerItemProxy */ = {
			isa = PBXContainerItemProxy;
			containerPortal = BD0086DF2061F453000308B3 /* Project object */;
			proxyType = 1;
			remoteGlobalIDString = BD0086E62061F453000308B3;
			remoteInfo = 30daysOfSwift03;
		};
/* End PBXContainerItemProxy section */

/* Begin PBXFileReference section */
		BD0086E72061F453000308B3 /* 30daysOfSwift03.app */ = {isa = PBXFileReference; explicitFileType = wrapper.application; includeInIndex = 0; path = 30daysOfSwift03.app; sourceTree = BUILT_PRODUCTS_DIR; };
		BD0086EA2061F453000308B3 /* AppDelegate.swift */ = {isa = PBXFileReference; lastKnownFileType = sourcecode.swift; path = AppDelegate.swift; sourceTree = "<group>"; };
		BD0086EC2061F453000308B3 /* ViewController.swift */ = {isa = PBXFileReference; lastKnownFileType = sourcecode.swift; path = ViewController.swift; sourceTree = "<group>"; };
		BD0086EF2061F453000308B3 /* Base */ = {isa = PBXFileReference; lastKnownFileType = file.storyboard; name = Base; path = Base.lproj/Main.storyboard; sourceTree = "<group>"; };
		BD0086F12061F453000308B3 /* Assets.xcassets */ = {isa = PBXFileReference; lastKnownFileType = folder.assetcatalog; path = Assets.xcassets; sourceTree = "<group>"; };
		BD0086F42061F453000308B3 /* Base */ = {isa = PBXFileReference; lastKnownFileType = file.storyboard; name = Base; path = Base.lproj/LaunchScreen.storyboard; sourceTree = "<group>"; };
		BD0086F62061F453000308B3 /* Info.plist */ = {isa = PBXFileReference; lastKnownFileType = text.plist.xml; path = Info.plist; sourceTree = "<group>"; };
		BD0086FB2061F453000308B3 /* 30daysOfSwift03Tests.xctest */ = {isa = PBXFileReference; explicitFileType = wrapper.cfbundle; includeInIndex = 0; path = 30daysOfSwift03Tests.xctest; sourceTree = BUILT_PRODUCTS_DIR; };
		BD0086FF2061F453000308B3 /* _0daysOfSwift03Tests.swift */ = {isa = PBXFileReference; lastKnownFileType = sourcecode.swift; path = _0daysOfSwift03Tests.swift; sourceTree = "<group>"; };
		BD0087012061F453000308B3 /* Info.plist */ = {isa = PBXFileReference; lastKnownFileType = text.plist.xml; path = Info.plist; sourceTree = "<group>"; };
		BD00870B2061F4F3000308B3 /* emoji zone.mp4 */ = {isa = PBXFileReference; lastKnownFileType = file; path = "emoji zone.mp4"; sourceTree = "<group>"; };
		BD00870D2061F6D2000308B3 /* VideoCell.swift */ = {isa = PBXFileReference; lastKnownFileType = sourcecode.swift; path = VideoCell.swift; sourceTree = "<group>"; };
/* End PBXFileReference section */

/* Begin PBXFrameworksBuildPhase section */
		BD0086E42061F453000308B3 /* Frameworks */ = {
			isa = PBXFrameworksBuildPhase;
			buildActionMask = 2147483647;
			files = (
			);
			runOnlyForDeploymentPostprocessing = 0;
		};
		BD0086F82061F453000308B3 /* Frameworks */ = {
			isa = PBXFrameworksBuildPhase;
			buildActionMask = 2147483647;
			files = (
			);
			runOnlyForDeploymentPostprocessing = 0;
		};
/* End PBXFrameworksBuildPhase section */

/* Begin PBXGroup section */
		BD0086DE2061F453000308B3 = {
			isa = PBXGroup;
			children = (
				BD0086E92061F453000308B3 /* 30daysOfSwift03 */,
				BD0086FE2061F453000308B3 /* 30daysOfSwift03Tests */,
				BD0086E82061F453000308B3 /* Products */,
			);
			sourceTree = "<group>";
		};
		BD0086E82061F453000308B3 /* Products */ = {
			isa = PBXGroup;
			children = (
				BD0086E72061F453000308B3 /* 30daysOfSwift03.app */,
				BD0086FB2061F453000308B3 /* 30daysOfSwift03Tests.xctest */,
			);
			name = Products;
			sourceTree = "<group>";
		};
		BD0086E92061F453000308B3 /* 30daysOfSwift03 */ = {
			isa = PBXGroup;
			children = (
				BD00870A2061F4CF000308B3 /* Movie */,
				BD0086EA2061F453000308B3 /* AppDelegate.swift */,
				BD0086EC2061F453000308B3 /* ViewController.swift */,
				BD00870D2061F6D2000308B3 /* VideoCell.swift */,
				BD0086EE2061F453000308B3 /* Main.storyboard */,
				BD0086F12061F453000308B3 /* Assets.xcassets */,
				BD0086F32061F453000308B3 /* LaunchScreen.storyboard */,
				BD0086F62061F453000308B3 /* Info.plist */,
			);
			path = 30daysOfSwift03;
			sourceTree = "<group>";
		};
		BD0086FE2061F453000308B3 /* 30daysOfSwift03Tests */ = {
			isa = PBXGroup;
			children = (
				BD0086FF2061F453000308B3 /* _0daysOfSwift03Tests.swift */,
				BD0087012061F453000308B3 /* Info.plist */,
			);
			path = 30daysOfSwift03Tests;
			sourceTree = "<group>";
		};
		BD00870A2061F4CF000308B3 /* Movie */ = {
			isa = PBXGroup;
			children = (
				BD00870B2061F4F3000308B3 /* emoji zone.mp4 */,
			);
			path = Movie;
			sourceTree = "<group>";
		};
/* End PBXGroup section */

/* Begin PBXNativeTarget section */
		BD0086E62061F453000308B3 /* 30daysOfSwift03 */ = {
			isa = PBXNativeTarget;
			buildConfigurationList = BD0087042061F453000308B3 /* Build configuration list for PBXNativeTarget "30daysOfSwift03" */;
			buildPhases = (
				BD0086E32061F453000308B3 /* Sources */,
				BD0086E42061F453000308B3 /* Frameworks */,
				BD0086E52061F453000308B3 /* Resources */,
			);
			buildRules = (
			);
			dependencies = (
			);
			name = 30daysOfSwift03;
			productName = 30daysOfSwift03;
			productReference = BD0086E72061F453000308B3 /* 30daysOfSwift03.app */;
			productType = "com.apple.product-type.application";
		};
		BD0086FA2061F453000308B3 /* 30daysOfSwift03Tests */ = {
			isa = PBXNativeTarget;
			buildConfigurationList = BD0087072061F453000308B3 /* Build configuration list for PBXNativeTarget "30daysOfSwift03Tests" */;
			buildPhases = (
				BD0086F72061F453000308B3 /* Sources */,
				BD0086F82061F453000308B3 /* Frameworks */,
				BD0086F92061F453000308B3 /* Resources */,
			);
			buildRules = (
			);
			dependencies = (
				BD0086FD2061F453000308B3 /* PBXTargetDependency */,
			);
			name = 30daysOfSwift03Tests;
			productName = 30daysOfSwift03Tests;
			productReference = BD0086FB2061F453000308B3 /* 30daysOfSwift03Tests.xctest */;
			productType = "com.apple.product-type.bundle.unit-test";
		};
/* End PBXNativeTarget section */

/* Begin PBXProject section */
		BD0086DF2061F453000308B3 /* Project object */ = {
			isa = PBXProject;
			attributes = {
				LastSwiftUpdateCheck = 0920;
				LastUpgradeCheck = 0920;
				ORGANIZATIONNAME = zlycare;
				TargetAttributes = {
					BD0086E62061F453000308B3 = {
						CreatedOnToolsVersion = 9.2;
						ProvisioningStyle = Automatic;
					};
					BD0086FA2061F453000308B3 = {
						CreatedOnToolsVersion = 9.2;
						ProvisioningStyle = Automatic;
						TestTargetID = BD0086E62061F453000308B3;
					};
				};
			};
			buildConfigurationList = BD0086E22061F453000308B3 /* Build configuration list for PBXProject "30daysOfSwift03" */;
			compatibilityVersion = "Xcode 8.0";
			developmentRegion = en;
			hasScannedForEncodings = 0;
			knownRegions = (
				en,
				Base,
			);
			mainGroup = BD0086DE2061F453000308B3;
			productRefGroup = BD0086E82061F453000308B3 /* Products */;
			projectDirPath = "";
			projectRoot = "";
			targets = (
				BD0086E62061F453000308B3 /* 30daysOfSwift03 */,
				BD0086FA2061F453000308B3 /* 30daysOfSwift03Tests */,
			);
		};
/* End PBXProject section */

/* Begin PBXResourcesBuildPhase section */
		BD0086E52061F453000308B3 /* Resources */ = {
			isa = PBXResourcesBuildPhase;
			buildActionMask = 2147483647;
			files = (
				BD0086F52061F453000308B3 /* LaunchScreen.storyboard in Resources */,
				BD00870C2061F4F3000308B3 /* emoji zone.mp4 in Resources */,
				BD0086F22061F453000308B3 /* Assets.xcassets in Resources */,
				BD0086F02061F453000308B3 /* Main.storyboard in Resources */,
			);
			runOnlyForDeploymentPostprocessing = 0;
		};
		BD0086F92061F453000308B3 /* Resources */ = {
			isa = PBXResourcesBuildPhase;
			buildActionMask = 2147483647;
			files = (
			);
			runOnlyForDeploymentPostprocessing = 0;
		};
/* End PBXResourcesBuildPhase section */

/* Begin PBXSourcesBuildPhase section */
		BD0086E32061F453000308B3 /* Sources */ = {
			isa = PBXSourcesBuildPhase;
			buildActionMask = 2147483647;
			files = (
				BD0086ED2061F453000308B3 /* ViewController.swift in Sources */,
				BD0086EB2061F453000308B3 /* AppDelegate.swift in Sources */,
				BD00870E2061F6D2000308B3 /* VideoCell.swift in Sources */,
			);
			runOnlyForDeploymentPostprocessing = 0;
		};
		BD0086F72061F453000308B3 /* Sources */ = {
			isa = PBXSourcesBuildPhase;
			buildActionMask = 2147483647;
			files = (
				BD0087002061F453000308B3 /* _0daysOfSwift03Tests.swift in Sources */,
			);
			runOnlyForDeploymentPostprocessing = 0;
		};
/* End PBXSourcesBuildPhase section */

/* Begin PBXTargetDependency section */
		BD0086FD2061F453000308B3 /* PBXTargetDependency */ = {
			isa = PBXTargetDependency;
			target = BD0086E62061F453000308B3 /* 30daysOfSwift03 */;
			targetProxy = BD0086FC2061F453000308B3 /* PBXContainerItemProxy */;
		};
/* End PBXTargetDependency section */

/* Begin PBXVariantGroup section */
		BD0086EE2061F453000308B3 /* Main.storyboard */ = {
			isa = PBXVariantGroup;
			children = (
				BD0086EF2061F453000308B3 /* Base */,
			);
			name = Main.storyboard;
			sourceTree = "<group>";
		};
		BD0086F32061F453000308B3 /* LaunchScreen.storyboard */ = {
			isa = PBXVariantGroup;
			children = (
				BD0086F42061F453000308B3 /* Base */,
			);
			name = LaunchScreen.storyboard;
			sourceTree = "<group>";
		};
/* End PBXVariantGroup section */

/* Begin XCBuildConfiguration section */
		BD0087022061F453000308B3 /* Debug */ = {
			isa = XCBuildConfiguration;
			buildSettings = {
				ALWAYS_SEARCH_USER_PATHS = NO;
				CLANG_ANALYZER_NONNULL = YES;
				CLANG_ANALYZER_NUMBER_OBJECT_CONVERSION = YES_AGGRESSIVE;
				CLANG_CXX_LANGUAGE_STANDARD = "gnu++14";
				CLANG_CXX_LIBRARY = "libc++";
				CLANG_ENABLE_MODULES = YES;
				CLANG_ENABLE_OBJC_ARC = YES;
				CLANG_WARN_BLOCK_CAPTURE_AUTORELEASING = YES;
				CLANG_WARN_BOOL_CONVERSION = YES;
				CLANG_WARN_COMMA = YES;
				CLANG_WARN_CONSTANT_CONVERSION = YES;
				CLANG_WARN_DIRECT_OBJC_ISA_USAGE = YES_ERROR;
				CLANG_WARN_DOCUMENTATION_COMMENTS = YES;
				CLANG_WARN_EMPTY_BODY = YES;
				CLANG_WARN_ENUM_CONVERSION = YES;
				CLANG_WARN_INFINITE_RECURSION = YES;
				CLANG_WARN_INT_CONVERSION = YES;
				CLANG_WARN_NON_LITERAL_NULL_CONVERSION = YES;
				CLANG_WARN_OBJC_LITERAL_CONVERSION = YES;
				CLANG_WARN_OBJC_ROOT_CLASS = YES_ERROR;
				CLANG_WARN_RANGE_LOOP_ANALYSIS = YES;
				CLANG_WARN_STRICT_PROTOTYPES = YES;
				CLANG_WARN_SUSPICIOUS_MOVE = YES;
				CLANG_WARN_UNGUARDED_AVAILABILITY = YES_AGGRESSIVE;
				CLANG_WARN_UNREACHABLE_CODE = YES;
				CLANG_WARN__DUPLICATE_METHOD_MATCH = YES;
				CODE_SIGN_IDENTITY = "iPhone Developer";
				COPY_PHASE_STRIP = NO;
				DEBUG_INFORMATION_FORMAT = dwarf;
				ENABLE_STRICT_OBJC_MSGSEND = YES;
				ENABLE_TESTABILITY = YES;
				GCC_C_LANGUAGE_STANDARD = gnu11;
				GCC_DYNAMIC_NO_PIC = NO;
				GCC_NO_COMMON_BLOCKS = YES;
				GCC_OPTIMIZATION_LEVEL = 0;
				GCC_PREPROCESSOR_DEFINITIONS = (
					"DEBUG=1",
					"$(inherited)",
				);
				GCC_WARN_64_TO_32_BIT_CONVERSION = YES;
				GCC_WARN_ABOUT_RETURN_TYPE = YES_ERROR;
				GCC_WARN_UNDECLARED_SELECTOR = YES;
				GCC_WARN_UNINITIALIZED_AUTOS = YES_AGGRESSIVE;
				GCC_WARN_UNUSED_FUNCTION = YES;
				GCC_WARN_UNUSED_VARIABLE = YES;
				IPHONEOS_DEPLOYMENT_TARGET = 11.2;
				MTL_ENABLE_DEBUG_INFO = YES;
				ONLY_ACTIVE_ARCH = YES;
				SDKROOT = iphoneos;
				SWIFT_ACTIVE_COMPILATION_CONDITIONS = DEBUG;
				SWIFT_OPTIMIZATION_LEVEL = "-Onone";
			};
			name = Debug;
		};
		BD0087032061F453000308B3 /* Release */ = {
			isa = XCBuildConfiguration;
			buildSettings = {
				ALWAYS_SEARCH_USER_PATHS = NO;
				CLANG_ANALYZER_NONNULL = YES;
				CLANG_ANALYZER_NUMBER_OBJECT_CONVERSION = YES_AGGRESSIVE;
				CLANG_CXX_LANGUAGE_STANDARD = "gnu++14";
				CLANG_CXX_LIBRARY = "libc++";
				CLANG_ENABLE_MODULES = YES;
				CLANG_ENABLE_OBJC_ARC = YES;
				CLANG_WARN_BLOCK_CAPTURE_AUTORELEASING = YES;
				CLANG_WARN_BOOL_CONVERSION = YES;
				CLANG_WARN_COMMA = YES;
				CLANG_WARN_CONSTANT_CONVERSION = YES;
				CLANG_WARN_DIRECT_OBJC_ISA_USAGE = YES_ERROR;
				CLANG_WARN_DOCUMENTATION_COMMENTS = YES;
				CLANG_WARN_EMPTY_BODY = YES;
				CLANG_WARN_ENUM_CONVERSION = YES;
				CLANG_WARN_INFINITE_RECURSION = YES;
				CLANG_WARN_INT_CONVERSION = YES;
				CLANG_WARN_NON_LITERAL_NULL_CONVERSION = YES;
				CLANG_WARN_OBJC_LITERAL_CONVERSION = YES;
				CLANG_WARN_OBJC_ROOT_CLASS = YES_ERROR;
				CLANG_WARN_RANGE_LOOP_ANALYSIS = YES;
				CLANG_WARN_STRICT_PROTOTYPES = YES;
				CLANG_WARN_SUSPICIOUS_MOVE = YES;
				CLANG_WARN_UNGUARDED_AVAILABILITY = YES_AGGRESSIVE;
				CLANG_WARN_UNREACHABLE_CODE = YES;
				CLANG_WARN__DUPLICATE_METHOD_MATCH = YES;
				CODE_SIGN_IDENTITY = "iPhone Developer";
				COPY_PHASE_STRIP = NO;
				DEBUG_INFORMATION_FORMAT = "dwarf-with-dsym";
				ENABLE_NS_ASSERTIONS = NO;
				ENABLE_STRICT_OBJC_MSGSEND = YES;
				GCC_C_LANGUAGE_STANDARD = gnu11;
				GCC_NO_COMMON_BLOCKS = YES;
				GCC_WARN_64_TO_32_BIT_CONVERSION = YES;
				GCC_WARN_ABOUT_RETURN_TYPE = YES_ERROR;
				GCC_WARN_UNDECLARED_SELECTOR = YES;
				GCC_WARN_UNINITIALIZED_AUTOS = YES_AGGRESSIVE;
				GCC_WARN_UNUSED_FUNCTION = YES;
				GCC_WARN_UNUSED_VARIABLE = YES;
				IPHONEOS_DEPLOYMENT_TARGET = 11.2;
				MTL_ENABLE_DEBUG_INFO = NO;
				SDKROOT = iphoneos;
				SWIFT_OPTIMIZATION_LEVEL = "-Owholemodule";
				VALIDATE_PRODUCT = YES;
			};
			name = Release;
		};
		BD0087052061F453000308B3 /* Debug */ = {
			isa = XCBuildConfiguration;
			buildSettings = {
				ASSETCATALOG_COMPILER_APPICON_NAME = AppIcon;
				CODE_SIGN_STYLE = Automatic;
				DEVELOPMENT_TEAM = 67B6N2UAVZ;
				INFOPLIST_FILE = 30daysOfSwift03/Info.plist;
				LD_RUNPATH_SEARCH_PATHS = "$(inherited) @executable_path/Frameworks";
				PRODUCT_BUNDLE_IDENTIFIER = "com.zlycare.-0daysOfSwift03";
				PRODUCT_NAME = "$(TARGET_NAME)";
				SWIFT_VERSION = 4.0;
				TARGETED_DEVICE_FAMILY = "1,2";
			};
			name = Debug;
		};
		BD0087062061F453000308B3 /* Release */ = {
			isa = XCBuildConfiguration;
			buildSettings = {
				ASSETCATALOG_COMPILER_APPICON_NAME = AppIcon;
				CODE_SIGN_STYLE = Automatic;
				DEVELOPMENT_TEAM = 67B6N2UAVZ;
				INFOPLIST_FILE = 30daysOfSwift03/Info.plist;
				LD_RUNPATH_SEARCH_PATHS = "$(inherited) @executable_path/Frameworks";
				PRODUCT_BUNDLE_IDENTIFIER = "com.zlycare.-0daysOfSwift03";
				PRODUCT_NAME = "$(TARGET_NAME)";
				SWIFT_VERSION = 4.0;
				TARGETED_DEVICE_FAMILY = "1,2";
			};
			name = Release;
		};
		BD0087082061F453000308B3 /* Debug */ = {
			isa = XCBuildConfiguration;
			buildSettings = {
				ALWAYS_EMBED_SWIFT_STANDARD_LIBRARIES = YES;
				BUNDLE_LOADER = "$(TEST_HOST)";
				CODE_SIGN_STYLE = Automatic;
				DEVELOPMENT_TEAM = 67B6N2UAVZ;
				INFOPLIST_FILE = 30daysOfSwift03Tests/Info.plist;
				LD_RUNPATH_SEARCH_PATHS = "$(inherited) @executable_path/Frameworks @loader_path/Frameworks";
				PRODUCT_BUNDLE_IDENTIFIER = "com.zlycare.-0daysOfSwift03Tests";
				PRODUCT_NAME = "$(TARGET_NAME)";
				SWIFT_VERSION = 4.0;
				TARGETED_DEVICE_FAMILY = "1,2";
				TEST_HOST = "$(BUILT_PRODUCTS_DIR)/30daysOfSwift03.app/30daysOfSwift03";
			};
			name = Debug;
		};
		BD0087092061F453000308B3 /* Release */ = {
			isa = XCBuildConfiguration;
			buildSettings = {
				ALWAYS_EMBED_SWIFT_STANDARD_LIBRARIES = YES;
				BUNDLE_LOADER = "$(TEST_HOST)";
				CODE_SIGN_STYLE = Automatic;
				DEVELOPMENT_TEAM = 67B6N2UAVZ;
				INFOPLIST_FILE = 30daysOfSwift03Tests/Info.plist;
				LD_RUNPATH_SEARCH_PATHS = "$(inherited) @executable_path/Frameworks @loader_path/Frameworks";
				PRODUCT_BUNDLE_IDENTIFIER = "com.zlycare.-0daysOfSwift03Tests";
				PRODUCT_NAME = "$(TARGET_NAME)";
				SWIFT_VERSION = 4.0;
				TARGETED_DEVICE_FAMILY = "1,2";
				TEST_HOST = "$(BUILT_PRODUCTS_DIR)/30daysOfSwift03.app/30daysOfSwift03";
			};
			name = Release;
		};
/* End XCBuildConfiguration section */

/* Begin XCConfigurationList section */
		BD0086E22061F453000308B3 /* Build configuration list for PBXProject "30daysOfSwift03" */ = {
			isa = XCConfigurationList;
			buildConfigurations = (
				BD0087022061F453000308B3 /* Debug */,
				BD0087032061F453000308B3 /* Release */,
			);
			defaultConfigurationIsVisible = 0;
			defaultConfigurationName = Release;
		};
		BD0087042061F453000308B3 /* Build configuration list for PBXNativeTarget "30daysOfSwift03" */ = {
			isa = XCConfigurationList;
			buildConfigurations = (
				BD0087052061F453000308B3 /* Debug */,
				BD0087062061F453000308B3 /* Release */,
			);
			defaultConfigurationIsVisible = 0;
			defaultConfigurationName = Release;
		};
		BD0087072061F453000308B3 /* Build configuration list for PBXNativeTarget "30daysOfSwift03Tests" */ = {
			isa = XCConfigurationList;
			buildConfigurations = (
				BD0087082061F453000308B3 /* Debug */,
				BD0087092061F453000308B3 /* Release */,
			);
			defaultConfigurationIsVisible = 0;
			defaultConfigurationName = Release;
		};
/* End XCConfigurationList section */
	};
	rootObject = BD0086DF2061F453000308B3 /* Project object */;
}
